
Microsoft Visual Studio Solution File, Format Version 12.00
# Visual Studio 14
VisualStudioVersion = 14.0.25123.0
MinimumVisualStudioVersion = 10.0.40219.1
Project("{FAE04EC0-301F-11D3-BF4B-00C04F79EFBC}") = "01 NinjaHive.WebApp", "NinjaHive.WebApp\01 NinjaHive.WebApp.csproj", "{34EE914C-BC5F-4EB2-8E12-03E9DBA4179D}"
EndProject
Project("{FAE04EC0-301F-11D3-BF4B-00C04F79EFBC}") = "07 NinjaHive.Core", "NinjaHive.Core\07 NinjaHive.Core.csproj", "{1087016A-3D9A-41B4-8893-13D56F7D7F75}"
EndProject
Project("{FAE04EC0-301F-11D3-BF4B-00C04F79EFBC}") = "03 NinjaHive.Contract", "NinjaHive.Contract\03 NinjaHive.Contract.csproj", "{3B537332-5517-4BC2-B8CC-24BF208EE365}"
EndProject
Project("{FAE04EC0-301F-11D3-BF4B-00C04F79EFBC}") = "04 NinjaHive.BusinessLayer", "NinjaHive.BusinessLayer\04 NinjaHive.BusinessLayer.csproj", "{57B6A4ED-47BA-4FF6-BD28-FC42299C7E09}"
EndProject
Project("{FAE04EC0-301F-11D3-BF4B-00C04F79EFBC}") = "101 NinjaHive.WebApp.Tests", "NinjaHive.WebApp.Tests\101 NinjaHive.WebApp.Tests.csproj", "{1183409D-CC1E-45B4-B1D2-41C42D5500A4}"
EndProject
Project("{2150E333-8FDC-42A3-9474-1A3956D46DE8}") = ".nuget", ".nuget", "{7ACC2937-74F2-45AE-B1E2-FF497BF878F5}"
	ProjectSection(SolutionItems) = preProject
		.nuget\NuGet.Config = .nuget\NuGet.Config
		.nuget\NuGet.exe = .nuget\NuGet.exe
		.nuget\NuGet.targets = .nuget\NuGet.targets
	EndProjectSection
EndProject
Project("{FAE04EC0-301F-11D3-BF4B-00C04F79EFBC}") = "05 NinjaHive.Domain", "NinjaHive.Domain\05 NinjaHive.Domain.csproj", "{93E5E378-93E2-4117-B76D-A972E378CAEF}"
EndProject
Project("{2150E333-8FDC-42A3-9474-1A3956D46DE8}") = "SqlScripts", "SqlScripts", "{EE3EA988-EAC2-4156-84E6-AA14EA3E4120}"
	ProjectSection(SolutionItems) = preProject
		SqlScripts\Create.sql = SqlScripts\Create.sql
		SqlScripts\CreateIdentityUserWithRoles.sql = SqlScripts\CreateIdentityUserWithRoles.sql
		SqlScripts\Migrations.sql = SqlScripts\Migrations.sql
	EndProjectSection
EndProject
Project("{FAE04EC0-301F-11D3-BF4B-00C04F79EFBC}") = "06 NinjaHive.Components", "NinjaHive.Components\06 NinjaHive.Components.csproj", "{D73816D8-9DCE-400F-8B4E-C01291A319E6}"
EndProject
Project("{FAE04EC0-301F-11D3-BF4B-00C04F79EFBC}") = "201 UnitTesting.Web.Mvc", "UnitTesting.Web.Mvc\201 UnitTesting.Web.Mvc.csproj", "{F45A4B40-04F1-482C-B521-208ED9CB9B6D}"
EndProject
Global
	GlobalSection(SolutionConfigurationPlatforms) = preSolution
		Debug|Any CPU = Debug|Any CPU
		Release|Any CPU = Release|Any CPU
	EndGlobalSection
	GlobalSection(ProjectConfigurationPlatforms) = postSolution
		{34EE914C-BC5F-4EB2-8E12-03E9DBA4179D}.Debug|Any CPU.ActiveCfg = Debug|Any CPU
		{34EE914C-BC5F-4EB2-8E12-03E9DBA4179D}.Debug|Any CPU.Build.0 = Debug|Any CPU
		{34EE914C-BC5F-4EB2-8E12-03E9DBA4179D}.Release|Any CPU.ActiveCfg = Release|Any CPU
		{34EE914C-BC5F-4EB2-8E12-03E9DBA4179D}.Release|Any CPU.Build.0 = Release|Any CPU
		{1087016A-3D9A-41B4-8893-13D56F7D7F75}.Debug|Any CPU.ActiveCfg = Debug|Any CPU
		{1087016A-3D9A-41B4-8893-13D56F7D7F75}.Debug|Any CPU.Build.0 = Debug|Any CPU
		{1087016A-3D9A-41B4-8893-13D56F7D7F75}.Release|Any CPU.ActiveCfg = Release|Any CPU
		{1087016A-3D9A-41B4-8893-13D56F7D7F75}.Release|Any CPU.Build.0 = Release|Any CPU
		{3B537332-5517-4BC2-B8CC-24BF208EE365}.Debug|Any CPU.ActiveCfg = Debug|Any CPU
		{3B537332-5517-4BC2-B8CC-24BF208EE365}.Debug|Any CPU.Build.0 = Debug|Any CPU
		{3B537332-5517-4BC2-B8CC-24BF208EE365}.Release|Any CPU.ActiveCfg = Release|Any CPU
		{3B537332-5517-4BC2-B8CC-24BF208EE365}.Release|Any CPU.Build.0 = Release|Any CPU
		{57B6A4ED-47BA-4FF6-BD28-FC42299C7E09}.Debug|Any CPU.ActiveCfg = Debug|Any CPU
		{57B6A4ED-47BA-4FF6-BD28-FC42299C7E09}.Debug|Any CPU.Build.0 = Debug|Any CPU
		{57B6A4ED-47BA-4FF6-BD28-FC42299C7E09}.Release|Any CPU.ActiveCfg = Release|Any CPU
		{57B6A4ED-47BA-4FF6-BD28-FC42299C7E09}.Release|Any CPU.Build.0 = Release|Any CPU
		{1183409D-CC1E-45B4-B1D2-41C42D5500A4}.Debug|Any CPU.ActiveCfg = Debug|Any CPU
		{1183409D-CC1E-45B4-B1D2-41C42D5500A4}.Debug|Any CPU.Build.0 = Debug|Any CPU
		{1183409D-CC1E-45B4-B1D2-41C42D5500A4}.Release|Any CPU.ActiveCfg = Release|Any CPU
		{1183409D-CC1E-45B4-B1D2-41C42D5500A4}.Release|Any CPU.Build.0 = Release|Any CPU
		{93E5E378-93E2-4117-B76D-A972E378CAEF}.Debug|Any CPU.ActiveCfg = Debug|Any CPU
		{93E5E378-93E2-4117-B76D-A972E378CAEF}.Debug|Any CPU.Build.0 = Debug|Any CPU
		{93E5E378-93E2-4117-B76D-A972E378CAEF}.Release|Any CPU.ActiveCfg = Release|Any CPU
		{93E5E378-93E2-4117-B76D-A972E378CAEF}.Release|Any CPU.Build.0 = Release|Any CPU
		{D73816D8-9DCE-400F-8B4E-C01291A319E6}.Debug|Any CPU.ActiveCfg = Debug|Any CPU
		{D73816D8-9DCE-400F-8B4E-C01291A319E6}.Debug|Any CPU.Build.0 = Debug|Any CPU
		{D73816D8-9DCE-400F-8B4E-C01291A319E6}.Release|Any CPU.ActiveCfg = Release|Any CPU
		{D73816D8-9DCE-400F-8B4E-C01291A319E6}.Release|Any CPU.Build.0 = Release|Any CPU
		{F45A4B40-04F1-482C-B521-208ED9CB9B6D}.Debug|Any CPU.ActiveCfg = Debug|Any CPU
		{F45A4B40-04F1-482C-B521-208ED9CB9B6D}.Debug|Any CPU.Build.0 = Debug|Any CPU
		{F45A4B40-04F1-482C-B521-208ED9CB9B6D}.Release|Any CPU.ActiveCfg = Release|Any CPU
		{F45A4B40-04F1-482C-B521-208ED9CB9B6D}.Release|Any CPU.Build.0 = Release|Any CPU
	EndGlobalSection
	GlobalSection(SolutionProperties) = preSolution
		HideSolutionNode = FALSE
	EndGlobalSection
EndGlobal
