
Microsoft Visual Studio Solution File, Format Version 12.00
# Visual Studio 2013
VisualStudioVersion = 12.0.31101.0
MinimumVisualStudioVersion = 10.0.40219.1
Project("{FAE04EC0-301F-11D3-BF4B-00C04F79EFBC}") = "01 NinjaHive.WebApp", "01 NinjaHive.WebApp\01 NinjaHive.WebApp.csproj", "{34EE914C-BC5F-4EB2-8E12-03E9DBA4179D}"
EndProject
Global
	GlobalSection(SolutionConfigurationPlatforms) = preSolution
		Debug|Any CPU = Debug|Any CPU
		Release|Any CPU = Release|Any CPU
	EndGlobalSection
	GlobalSection(ProjectConfigurationPlatforms) = postSolution
		{34EE914C-BC5F-4EB2-8E12-03E9DBA4179D}.Debug|Any CPU.ActiveCfg = Debug|Any CPU
		{34EE914C-BC5F-4EB2-8E12-03E9DBA4179D}.Debug|Any CPU.Build.0 = Debug|Any CPU
		{34EE914C-BC5F-4EB2-8E12-03E9DBA4179D}.Release|Any CPU.ActiveCfg = Release|Any CPU
		{34EE914C-BC5F-4EB2-8E12-03E9DBA4179D}.Release|Any CPU.Build.0 = Release|Any CPU
	EndGlobalSection
	GlobalSection(SolutionProperties) = preSolution
		HideSolutionNode = FALSE
	EndGlobalSection
EndGlobal
